// !$*UTF8*$!
{
	archiveVersion = 1;
	classes = {
	};
	objectVersion = 50;
	objects = {

/* Begin PBXBuildFile section */
		96008653238FA761000BCA09 /* ShareManager.swift in Sources */ = {isa = PBXBuildFile; fileRef = 96008652238FA761000BCA09 /* ShareManager.swift */; };
		962E6FF7238E92CF00C969D4 /* PokemonTableViewCell.swift in Sources */ = {isa = PBXBuildFile; fileRef = 962E6FF6238E92CF00C969D4 /* PokemonTableViewCell.swift */; };
		962E6FFE238EDA1D00C969D4 /* Favorite.swift in Sources */ = {isa = PBXBuildFile; fileRef = 962E6FFD238EDA1D00C969D4 /* Favorite.swift */; };
		AC006F78238D69A300B36677 /* AppDelegate.swift in Sources */ = {isa = PBXBuildFile; fileRef = AC006F77238D69A300B36677 /* AppDelegate.swift */; };
		AC006F7A238D69A300B36677 /* SceneDelegate.swift in Sources */ = {isa = PBXBuildFile; fileRef = AC006F79238D69A300B36677 /* SceneDelegate.swift */; };
		AC006F7C238D69A300B36677 /* PokemonViewController.swift in Sources */ = {isa = PBXBuildFile; fileRef = AC006F7B238D69A300B36677 /* PokemonViewController.swift */; };
		AC006F7F238D69A300B36677 /* Main.storyboard in Resources */ = {isa = PBXBuildFile; fileRef = AC006F7D238D69A300B36677 /* Main.storyboard */; };
		AC006F81238D69A900B36677 /* Assets.xcassets in Resources */ = {isa = PBXBuildFile; fileRef = AC006F80238D69A900B36677 /* Assets.xcassets */; };
		AC006F84238D69A900B36677 /* LaunchScreen.storyboard in Resources */ = {isa = PBXBuildFile; fileRef = AC006F82238D69A900B36677 /* LaunchScreen.storyboard */; };
		AC006F8F238D6BEA00B36677 /* PokemonDetailViewController.swift in Sources */ = {isa = PBXBuildFile; fileRef = AC006F8E238D6BEA00B36677 /* PokemonDetailViewController.swift */; };
		AC006F92238D6DF900B36677 /* NetworkController.swift in Sources */ = {isa = PBXBuildFile; fileRef = AC006F91238D6DF900B36677 /* NetworkController.swift */; };
		AC006F94238D745200B36677 /* ImageController.swift in Sources */ = {isa = PBXBuildFile; fileRef = AC006F93238D745200B36677 /* ImageController.swift */; };
		AC006F97238D771600B36677 /* Pokemon.swift in Sources */ = {isa = PBXBuildFile; fileRef = AC006F96238D771600B36677 /* Pokemon.swift */; };
		ACE199D2238FE06C003293DB /* Alert-Ext.swift in Sources */ = {isa = PBXBuildFile; fileRef = ACE199D1238FE06C003293DB /* Alert-Ext.swift */; };
/* End PBXBuildFile section */

/* Begin PBXFileReference section */
		96008652238FA761000BCA09 /* ShareManager.swift */ = {isa = PBXFileReference; lastKnownFileType = sourcecode.swift; path = ShareManager.swift; sourceTree = "<group>"; };
		962E6FF6238E92CF00C969D4 /* PokemonTableViewCell.swift */ = {isa = PBXFileReference; lastKnownFileType = sourcecode.swift; path = PokemonTableViewCell.swift; sourceTree = "<group>"; };
		962E6FFD238EDA1D00C969D4 /* Favorite.swift */ = {isa = PBXFileReference; lastKnownFileType = sourcecode.swift; path = Favorite.swift; sourceTree = "<group>"; };
		AC006F74238D69A300B36677 /* PokemonCards.app */ = {isa = PBXFileReference; explicitFileType = wrapper.application; includeInIndex = 0; path = PokemonCards.app; sourceTree = BUILT_PRODUCTS_DIR; };
		AC006F77238D69A300B36677 /* AppDelegate.swift */ = {isa = PBXFileReference; lastKnownFileType = sourcecode.swift; path = AppDelegate.swift; sourceTree = "<group>"; };
		AC006F79238D69A300B36677 /* SceneDelegate.swift */ = {isa = PBXFileReference; lastKnownFileType = sourcecode.swift; path = SceneDelegate.swift; sourceTree = "<group>"; };
		AC006F7B238D69A300B36677 /* PokemonViewController.swift */ = {isa = PBXFileReference; lastKnownFileType = sourcecode.swift; path = PokemonViewController.swift; sourceTree = "<group>"; };
		AC006F7E238D69A300B36677 /* Base */ = {isa = PBXFileReference; lastKnownFileType = file.storyboard; name = Base; path = Base.lproj/Main.storyboard; sourceTree = "<group>"; };
		AC006F80238D69A900B36677 /* Assets.xcassets */ = {isa = PBXFileReference; lastKnownFileType = folder.assetcatalog; path = Assets.xcassets; sourceTree = "<group>"; };
		AC006F83238D69A900B36677 /* Base */ = {isa = PBXFileReference; lastKnownFileType = file.storyboard; name = Base; path = Base.lproj/LaunchScreen.storyboard; sourceTree = "<group>"; };
		AC006F85238D69A900B36677 /* Info.plist */ = {isa = PBXFileReference; lastKnownFileType = text.plist.xml; path = Info.plist; sourceTree = "<group>"; };
		AC006F8E238D6BEA00B36677 /* PokemonDetailViewController.swift */ = {isa = PBXFileReference; lastKnownFileType = sourcecode.swift; path = PokemonDetailViewController.swift; sourceTree = "<group>"; };
		AC006F91238D6DF900B36677 /* NetworkController.swift */ = {isa = PBXFileReference; lastKnownFileType = sourcecode.swift; path = NetworkController.swift; sourceTree = "<group>"; };
		AC006F93238D745200B36677 /* ImageController.swift */ = {isa = PBXFileReference; lastKnownFileType = sourcecode.swift; path = ImageController.swift; sourceTree = "<group>"; };
		AC006F96238D771600B36677 /* Pokemon.swift */ = {isa = PBXFileReference; lastKnownFileType = sourcecode.swift; path = Pokemon.swift; sourceTree = "<group>"; };
		ACE199D1238FE06C003293DB /* Alert-Ext.swift */ = {isa = PBXFileReference; lastKnownFileType = sourcecode.swift; path = "Alert-Ext.swift"; sourceTree = "<group>"; };
/* End PBXFileReference section */

/* Begin PBXFrameworksBuildPhase section */
		AC006F71238D69A300B36677 /* Frameworks */ = {
			isa = PBXFrameworksBuildPhase;
			buildActionMask = 2147483647;
			files = (
			);
			runOnlyForDeploymentPostprocessing = 0;
		};
/* End PBXFrameworksBuildPhase section */

/* Begin PBXGroup section */
		AC006F6B238D69A300B36677 = {
			isa = PBXGroup;
			children = (
				AC006F76238D69A300B36677 /* PokemonCards */,
				AC006F75238D69A300B36677 /* Products */,
			);
			sourceTree = "<group>";
		};
		AC006F75238D69A300B36677 /* Products */ = {
			isa = PBXGroup;
			children = (
				AC006F74238D69A300B36677 /* PokemonCards.app */,
			);
			name = Products;
			sourceTree = "<group>";
		};
		AC006F76238D69A300B36677 /* PokemonCards */ = {
			isa = PBXGroup;
			children = (
				ACE199D0238FE056003293DB /* Extension */,
				AC006F8B238D69BA00B36677 /* Delegates */,
				AC006F90238D6DBC00B36677 /* Helpers */,
				AC006F8D238D69D600B36677 /* Controllers */,
				AC006F95238D770200B36677 /* Model */,
				AC006F8C238D69CA00B36677 /* Views */,
				AC006F80238D69A900B36677 /* Assets.xcassets */,
				AC006F85238D69A900B36677 /* Info.plist */,
			);
			path = PokemonCards;
			sourceTree = "<group>";
		};
		AC006F8B238D69BA00B36677 /* Delegates */ = {
			isa = PBXGroup;
			children = (
				AC006F77238D69A300B36677 /* AppDelegate.swift */,
				AC006F79238D69A300B36677 /* SceneDelegate.swift */,
			);
			path = Delegates;
			sourceTree = "<group>";
		};
		AC006F8C238D69CA00B36677 /* Views */ = {
			isa = PBXGroup;
			children = (
				AC006F7D238D69A300B36677 /* Main.storyboard */,
				AC006F82238D69A900B36677 /* LaunchScreen.storyboard */,
			);
			path = Views;
			sourceTree = "<group>";
		};
		AC006F8D238D69D600B36677 /* Controllers */ = {
			isa = PBXGroup;
			children = (
				AC006F7B238D69A300B36677 /* PokemonViewController.swift */,
				AC006F8E238D6BEA00B36677 /* PokemonDetailViewController.swift */,
				962E6FF6238E92CF00C969D4 /* PokemonTableViewCell.swift */,
			);
			path = Controllers;
			sourceTree = "<group>";
		};
		AC006F90238D6DBC00B36677 /* Helpers */ = {
			isa = PBXGroup;
			children = (
				AC006F91238D6DF900B36677 /* NetworkController.swift */,
				AC006F93238D745200B36677 /* ImageController.swift */,
				96008652238FA761000BCA09 /* ShareManager.swift */,
			);
			path = Helpers;
			sourceTree = "<group>";
		};
		AC006F95238D770200B36677 /* Model */ = {
			isa = PBXGroup;
			children = (
				AC006F96238D771600B36677 /* Pokemon.swift */,
				962E6FFD238EDA1D00C969D4 /* Favorite.swift */,
			);
			path = Model;
			sourceTree = "<group>";
		};
		ACE199D0238FE056003293DB /* Extension */ = {
			isa = PBXGroup;
			children = (
				ACE199D1238FE06C003293DB /* Alert-Ext.swift */,
			);
			path = Extension;
			sourceTree = "<group>";
		};
/* End PBXGroup section */

/* Begin PBXNativeTarget section */
		AC006F73238D69A300B36677 /* PokemonCards */ = {
			isa = PBXNativeTarget;
			buildConfigurationList = AC006F88238D69A900B36677 /* Build configuration list for PBXNativeTarget "PokemonCards" */;
			buildPhases = (
				AC006F70238D69A300B36677 /* Sources */,
				AC006F71238D69A300B36677 /* Frameworks */,
				AC006F72238D69A300B36677 /* Resources */,
			);
			buildRules = (
			);
			dependencies = (
			);
			name = PokemonCards;
			productName = PokemonCards;
			productReference = AC006F74238D69A300B36677 /* PokemonCards.app */;
			productType = "com.apple.product-type.application";
		};
/* End PBXNativeTarget section */

/* Begin PBXProject section */
		AC006F6C238D69A300B36677 /* Project object */ = {
			isa = PBXProject;
			attributes = {
				LastSwiftUpdateCheck = 1110;
				LastUpgradeCheck = 1110;
				ORGANIZATIONNAME = "Artjoms Vorona";
				TargetAttributes = {
					AC006F73238D69A300B36677 = {
						CreatedOnToolsVersion = 11.1;
					};
				};
			};
			buildConfigurationList = AC006F6F238D69A300B36677 /* Build configuration list for PBXProject "PokemonCards" */;
			compatibilityVersion = "Xcode 9.3";
			developmentRegion = en;
			hasScannedForEncodings = 0;
			knownRegions = (
				en,
				Base,
			);
			mainGroup = AC006F6B238D69A300B36677;
			productRefGroup = AC006F75238D69A300B36677 /* Products */;
			projectDirPath = "";
			projectRoot = "";
			targets = (
				AC006F73238D69A300B36677 /* PokemonCards */,
			);
		};
/* End PBXProject section */

/* Begin PBXResourcesBuildPhase section */
		AC006F72238D69A300B36677 /* Resources */ = {
			isa = PBXResourcesBuildPhase;
			buildActionMask = 2147483647;
			files = (
				AC006F84238D69A900B36677 /* LaunchScreen.storyboard in Resources */,
				AC006F81238D69A900B36677 /* Assets.xcassets in Resources */,
				AC006F7F238D69A300B36677 /* Main.storyboard in Resources */,
			);
			runOnlyForDeploymentPostprocessing = 0;
		};
/* End PBXResourcesBuildPhase section */

/* Begin PBXSourcesBuildPhase section */
		AC006F70238D69A300B36677 /* Sources */ = {
			isa = PBXSourcesBuildPhase;
			buildActionMask = 2147483647;
			files = (
				AC006F97238D771600B36677 /* Pokemon.swift in Sources */,
				962E6FF7238E92CF00C969D4 /* PokemonTableViewCell.swift in Sources */,
				ACE199D2238FE06C003293DB /* Alert-Ext.swift in Sources */,
				96008653238FA761000BCA09 /* ShareManager.swift in Sources */,
				AC006F92238D6DF900B36677 /* NetworkController.swift in Sources */,
				AC006F7C238D69A300B36677 /* PokemonViewController.swift in Sources */,
				962E6FFE238EDA1D00C969D4 /* Favorite.swift in Sources */,
				AC006F8F238D6BEA00B36677 /* PokemonDetailViewController.swift in Sources */,
				AC006F78238D69A300B36677 /* AppDelegate.swift in Sources */,
				AC006F7A238D69A300B36677 /* SceneDelegate.swift in Sources */,
				AC006F94238D745200B36677 /* ImageController.swift in Sources */,
			);
			runOnlyForDeploymentPostprocessing = 0;
		};
/* End PBXSourcesBuildPhase section */

/* Begin PBXVariantGroup section */
		AC006F7D238D69A300B36677 /* Main.storyboard */ = {
			isa = PBXVariantGroup;
			children = (
				AC006F7E238D69A300B36677 /* Base */,
			);
			name = Main.storyboard;
			sourceTree = "<group>";
		};
		AC006F82238D69A900B36677 /* LaunchScreen.storyboard */ = {
			isa = PBXVariantGroup;
			children = (
				AC006F83238D69A900B36677 /* Base */,
			);
			name = LaunchScreen.storyboard;
			sourceTree = "<group>";
		};
/* End PBXVariantGroup section */

/* Begin XCBuildConfiguration section */
		AC006F86238D69A900B36677 /* Debug */ = {
			isa = XCBuildConfiguration;
			buildSettings = {
				ALWAYS_SEARCH_USER_PATHS = NO;
				CLANG_ANALYZER_NONNULL = YES;
				CLANG_ANALYZER_NUMBER_OBJECT_CONVERSION = YES_AGGRESSIVE;
				CLANG_CXX_LANGUAGE_STANDARD = "gnu++14";
				CLANG_CXX_LIBRARY = "libc++";
				CLANG_ENABLE_MODULES = YES;
				CLANG_ENABLE_OBJC_ARC = YES;
				CLANG_ENABLE_OBJC_WEAK = YES;
				CLANG_WARN_BLOCK_CAPTURE_AUTORELEASING = YES;
				CLANG_WARN_BOOL_CONVERSION = YES;
				CLANG_WARN_COMMA = YES;
				CLANG_WARN_CONSTANT_CONVERSION = YES;
				CLANG_WARN_DEPRECATED_OBJC_IMPLEMENTATIONS = YES;
				CLANG_WARN_DIRECT_OBJC_ISA_USAGE = YES_ERROR;
				CLANG_WARN_DOCUMENTATION_COMMENTS = YES;
				CLANG_WARN_EMPTY_BODY = YES;
				CLANG_WARN_ENUM_CONVERSION = YES;
				CLANG_WARN_INFINITE_RECURSION = YES;
				CLANG_WARN_INT_CONVERSION = YES;
				CLANG_WARN_NON_LITERAL_NULL_CONVERSION = YES;
				CLANG_WARN_OBJC_IMPLICIT_RETAIN_SELF = YES;
				CLANG_WARN_OBJC_LITERAL_CONVERSION = YES;
				CLANG_WARN_OBJC_ROOT_CLASS = YES_ERROR;
				CLANG_WARN_RANGE_LOOP_ANALYSIS = YES;
				CLANG_WARN_STRICT_PROTOTYPES = YES;
				CLANG_WARN_SUSPICIOUS_MOVE = YES;
				CLANG_WARN_UNGUARDED_AVAILABILITY = YES_AGGRESSIVE;
				CLANG_WARN_UNREACHABLE_CODE = YES;
				CLANG_WARN__DUPLICATE_METHOD_MATCH = YES;
				COPY_PHASE_STRIP = NO;
				DEBUG_INFORMATION_FORMAT = dwarf;
				ENABLE_STRICT_OBJC_MSGSEND = YES;
				ENABLE_TESTABILITY = YES;
				GCC_C_LANGUAGE_STANDARD = gnu11;
				GCC_DYNAMIC_NO_PIC = NO;
				GCC_NO_COMMON_BLOCKS = YES;
				GCC_OPTIMIZATION_LEVEL = 0;
				GCC_PREPROCESSOR_DEFINITIONS = (
					"DEBUG=1",
					"$(inherited)",
				);
				GCC_WARN_64_TO_32_BIT_CONVERSION = YES;
				GCC_WARN_ABOUT_RETURN_TYPE = YES_ERROR;
				GCC_WARN_UNDECLARED_SELECTOR = YES;
				GCC_WARN_UNINITIALIZED_AUTOS = YES_AGGRESSIVE;
				GCC_WARN_UNUSED_FUNCTION = YES;
				GCC_WARN_UNUSED_VARIABLE = YES;
				IPHONEOS_DEPLOYMENT_TARGET = 13.1;
				MTL_ENABLE_DEBUG_INFO = INCLUDE_SOURCE;
				MTL_FAST_MATH = YES;
				ONLY_ACTIVE_ARCH = YES;
				SDKROOT = iphoneos;
				SWIFT_ACTIVE_COMPILATION_CONDITIONS = DEBUG;
				SWIFT_OPTIMIZATION_LEVEL = "-Onone";
			};
			name = Debug;
		};
		AC006F87238D69A900B36677 /* Release */ = {
			isa = XCBuildConfiguration;
			buildSettings = {
				ALWAYS_SEARCH_USER_PATHS = NO;
				CLANG_ANALYZER_NONNULL = YES;
				CLANG_ANALYZER_NUMBER_OBJECT_CONVERSION = YES_AGGRESSIVE;
				CLANG_CXX_LANGUAGE_STANDARD = "gnu++14";
				CLANG_CXX_LIBRARY = "libc++";
				CLANG_ENABLE_MODULES = YES;
				CLANG_ENABLE_OBJC_ARC = YES;
				CLANG_ENABLE_OBJC_WEAK = YES;
				CLANG_WARN_BLOCK_CAPTURE_AUTORELEASING = YES;
				CLANG_WARN_BOOL_CONVERSION = YES;
				CLANG_WARN_COMMA = YES;
				CLANG_WARN_CONSTANT_CONVERSION = YES;
				CLANG_WARN_DEPRECATED_OBJC_IMPLEMENTATIONS = YES;
				CLANG_WARN_DIRECT_OBJC_ISA_USAGE = YES_ERROR;
				CLANG_WARN_DOCUMENTATION_COMMENTS = YES;
				CLANG_WARN_EMPTY_BODY = YES;
				CLANG_WARN_ENUM_CONVERSION = YES;
				CLANG_WARN_INFINITE_RECURSION = YES;
				CLANG_WARN_INT_CONVERSION = YES;
				CLANG_WARN_NON_LITERAL_NULL_CONVERSION = YES;
				CLANG_WARN_OBJC_IMPLICIT_RETAIN_SELF = YES;
				CLANG_WARN_OBJC_LITERAL_CONVERSION = YES;
				CLANG_WARN_OBJC_ROOT_CLASS = YES_ERROR;
				CLANG_WARN_RANGE_LOOP_ANALYSIS = YES;
				CLANG_WARN_STRICT_PROTOTYPES = YES;
				CLANG_WARN_SUSPICIOUS_MOVE = YES;
				CLANG_WARN_UNGUARDED_AVAILABILITY = YES_AGGRESSIVE;
				CLANG_WARN_UNREACHABLE_CODE = YES;
				CLANG_WARN__DUPLICATE_METHOD_MATCH = YES;
				COPY_PHASE_STRIP = NO;
				DEBUG_INFORMATION_FORMAT = "dwarf-with-dsym";
				ENABLE_NS_ASSERTIONS = NO;
				ENABLE_STRICT_OBJC_MSGSEND = YES;
				GCC_C_LANGUAGE_STANDARD = gnu11;
				GCC_NO_COMMON_BLOCKS = YES;
				GCC_WARN_64_TO_32_BIT_CONVERSION = YES;
				GCC_WARN_ABOUT_RETURN_TYPE = YES_ERROR;
				GCC_WARN_UNDECLARED_SELECTOR = YES;
				GCC_WARN_UNINITIALIZED_AUTOS = YES_AGGRESSIVE;
				GCC_WARN_UNUSED_FUNCTION = YES;
				GCC_WARN_UNUSED_VARIABLE = YES;
				IPHONEOS_DEPLOYMENT_TARGET = 13.1;
				MTL_ENABLE_DEBUG_INFO = NO;
				MTL_FAST_MATH = YES;
				SDKROOT = iphoneos;
				SWIFT_COMPILATION_MODE = wholemodule;
				SWIFT_OPTIMIZATION_LEVEL = "-O";
				VALIDATE_PRODUCT = YES;
			};
			name = Release;
		};
		AC006F89238D69A900B36677 /* Debug */ = {
			isa = XCBuildConfiguration;
			buildSettings = {
				ASSETCATALOG_COMPILER_APPICON_NAME = AppIcon;
				CODE_SIGN_STYLE = Automatic;
				DEVELOPMENT_TEAM = T79XLB42B4;
				INFOPLIST_FILE = PokemonCards/Info.plist;
				LD_RUNPATH_SEARCH_PATHS = (
					"$(inherited)",
					"@executable_path/Frameworks",
				);
				PRODUCT_BUNDLE_IDENTIFIER = "-.PokemonCards";
				PRODUCT_NAME = "$(TARGET_NAME)";
				SWIFT_VERSION = 5.0;
				TARGETED_DEVICE_FAMILY = 1;
			};
			name = Debug;
		};
		AC006F8A238D69A900B36677 /* Release */ = {
			isa = XCBuildConfiguration;
			buildSettings = {
				ASSETCATALOG_COMPILER_APPICON_NAME = AppIcon;
				CODE_SIGN_STYLE = Automatic;
				DEVELOPMENT_TEAM = T79XLB42B4;
				INFOPLIST_FILE = PokemonCards/Info.plist;
				LD_RUNPATH_SEARCH_PATHS = (
					"$(inherited)",
					"@executable_path/Frameworks",
				);
				PRODUCT_BUNDLE_IDENTIFIER = "-.PokemonCards";
				PRODUCT_NAME = "$(TARGET_NAME)";
				SWIFT_VERSION = 5.0;
				TARGETED_DEVICE_FAMILY = 1;
			};
			name = Release;
		};
/* End XCBuildConfiguration section */

/* Begin XCConfigurationList section */
		AC006F6F238D69A300B36677 /* Build configuration list for PBXProject "PokemonCards" */ = {
			isa = XCConfigurationList;
			buildConfigurations = (
				AC006F86238D69A900B36677 /* Debug */,
				AC006F87238D69A900B36677 /* Release */,
			);
			defaultConfigurationIsVisible = 0;
			defaultConfigurationName = Release;
		};
		AC006F88238D69A900B36677 /* Build configuration list for PBXNativeTarget "PokemonCards" */ = {
			isa = XCConfigurationList;
			buildConfigurations = (
				AC006F89238D69A900B36677 /* Debug */,
				AC006F8A238D69A900B36677 /* Release */,
			);
			defaultConfigurationIsVisible = 0;
			defaultConfigurationName = Release;
		};
/* End XCConfigurationList section */
	};
	rootObject = AC006F6C238D69A300B36677 /* Project object */;
}
